
Microsoft Visual Studio Solution File, Format Version 12.00
# Visual Studio Version 17
VisualStudioVersion = 17.14.36109.1 d17.14
MinimumVisualStudioVersion = 10.0.40219.1
Project("{FAE04EC0-301F-11D3-BF4B-00C04F79EFBC}") = "Assessment", "Assessment.csproj", "{C72D77B1-DBC2-4942-B477-877C0E698A20}"
EndProject
Global
	GlobalSection(SolutionConfigurationPlatforms) = preSolution
		Debug|Any CPU = Debug|Any CPU
		Release|Any CPU = Release|Any CPU
	EndGlobalSection
	GlobalSection(ProjectConfigurationPlatforms) = postSolution
		{C72D77B1-DBC2-4942-B477-877C0E698A20}.Debug|Any CPU.ActiveCfg = Debug|Any CPU
		{C72D77B1-DBC2-4942-B477-877C0E698A20}.Debug|Any CPU.Build.0 = Debug|Any CPU
		{C72D77B1-DBC2-4942-B477-877C0E698A20}.Release|Any CPU.ActiveCfg = Release|Any CPU
		{C72D77B1-DBC2-4942-B477-877C0E698A20}.Release|Any CPU.Build.0 = Release|Any CPU
	EndGlobalSection
	GlobalSection(SolutionProperties) = preSolution
		HideSolutionNode = FALSE
	EndGlobalSection
	GlobalSection(ExtensibilityGlobals) = postSolution
		SolutionGuid = {1BABABEE-B27A-4407-ADF6-ADE186B0C315}
	EndGlobalSection
EndGlobal
